// !$*UTF8*$!
{
	archiveVersion = 1;
	classes = {
	};
	objectVersion = 50;
	objects = {

/* Begin PBXBuildFile section */
		43284AD624ED92DF00A73462 /* AppDelegate.swift in Sources */ = {isa = PBXBuildFile; fileRef = 43284AD524ED92DF00A73462 /* AppDelegate.swift */; };
		43284AD824ED92DF00A73462 /* SceneDelegate.swift in Sources */ = {isa = PBXBuildFile; fileRef = 43284AD724ED92DF00A73462 /* SceneDelegate.swift */; };
		43284ADA24ED92DF00A73462 /* ViewController.swift in Sources */ = {isa = PBXBuildFile; fileRef = 43284AD924ED92DF00A73462 /* ViewController.swift */; };
		43284ADD24ED92DF00A73462 /* Main.storyboard in Resources */ = {isa = PBXBuildFile; fileRef = 43284ADB24ED92DF00A73462 /* Main.storyboard */; };
		43284ADF24ED92E000A73462 /* Assets.xcassets in Resources */ = {isa = PBXBuildFile; fileRef = 43284ADE24ED92E000A73462 /* Assets.xcassets */; };
		43284AE224ED92E000A73462 /* LaunchScreen.storyboard in Resources */ = {isa = PBXBuildFile; fileRef = 43284AE024ED92E000A73462 /* LaunchScreen.storyboard */; };
/* End PBXBuildFile section */

/* Begin PBXFileReference section */
		43284AD224ED92DF00A73462 /* MiliushaHwOne.app */ = {isa = PBXFileReference; explicitFileType = wrapper.application; includeInIndex = 0; path = MiliushaHwOne.app; sourceTree = BUILT_PRODUCTS_DIR; };
		43284AD524ED92DF00A73462 /* AppDelegate.swift */ = {isa = PBXFileReference; lastKnownFileType = sourcecode.swift; path = AppDelegate.swift; sourceTree = "<group>"; };
		43284AD724ED92DF00A73462 /* SceneDelegate.swift */ = {isa = PBXFileReference; lastKnownFileType = sourcecode.swift; path = SceneDelegate.swift; sourceTree = "<group>"; };
		43284AD924ED92DF00A73462 /* ViewController.swift */ = {isa = PBXFileReference; lastKnownFileType = sourcecode.swift; path = ViewController.swift; sourceTree = "<group>"; };
		43284ADC24ED92DF00A73462 /* Base */ = {isa = PBXFileReference; lastKnownFileType = file.storyboard; name = Base; path = Base.lproj/Main.storyboard; sourceTree = "<group>"; };
		43284ADE24ED92E000A73462 /* Assets.xcassets */ = {isa = PBXFileReference; lastKnownFileType = folder.assetcatalog; path = Assets.xcassets; sourceTree = "<group>"; };
		43284AE124ED92E000A73462 /* Base */ = {isa = PBXFileReference; lastKnownFileType = file.storyboard; name = Base; path = Base.lproj/LaunchScreen.storyboard; sourceTree = "<group>"; };
		43284AE324ED92E000A73462 /* Info.plist */ = {isa = PBXFileReference; lastKnownFileType = text.plist.xml; path = Info.plist; sourceTree = "<group>"; };
/* End PBXFileReference section */

/* Begin PBXFrameworksBuildPhase section */
		43284ACF24ED92DF00A73462 /* Frameworks */ = {
			isa = PBXFrameworksBuildPhase;
			buildActionMask = 2147483647;
			files = (
			);
			runOnlyForDeploymentPostprocessing = 0;
		};
/* End PBXFrameworksBuildPhase section */

/* Begin PBXGroup section */
		43284AC924ED92DF00A73462 = {
			isa = PBXGroup;
			children = (
				43284AD424ED92DF00A73462 /* MiliushaHwOne */,
				43284AD324ED92DF00A73462 /* Products */,
			);
			sourceTree = "<group>";
		};
		43284AD324ED92DF00A73462 /* Products */ = {
			isa = PBXGroup;
			children = (
				43284AD224ED92DF00A73462 /* MiliushaHwOne.app */,
			);
			name = Products;
			sourceTree = "<group>";
		};
		43284AD424ED92DF00A73462 /* MiliushaHwOne */ = {
			isa = PBXGroup;
			children = (
				43284AD524ED92DF00A73462 /* AppDelegate.swift */,
				43284AD724ED92DF00A73462 /* SceneDelegate.swift */,
				43284AD924ED92DF00A73462 /* ViewController.swift */,
				43284ADB24ED92DF00A73462 /* Main.storyboard */,
				43284ADE24ED92E000A73462 /* Assets.xcassets */,
				43284AE024ED92E000A73462 /* LaunchScreen.storyboard */,
				43284AE324ED92E000A73462 /* Info.plist */,
			);
			path = MiliushaHwOne;
			sourceTree = "<group>";
		};
/* End PBXGroup section */

/* Begin PBXNativeTarget section */
		43284AD124ED92DF00A73462 /* MiliushaHwOne */ = {
			isa = PBXNativeTarget;
			buildConfigurationList = 43284AE624ED92E000A73462 /* Build configuration list for PBXNativeTarget "MiliushaHwOne" */;
			buildPhases = (
				43284ACE24ED92DF00A73462 /* Sources */,
				43284ACF24ED92DF00A73462 /* Frameworks */,
				43284AD024ED92DF00A73462 /* Resources */,
			);
			buildRules = (
			);
			dependencies = (
			);
			name = MiliushaHwOne;
			productName = MiliushaHwOne;
			productReference = 43284AD224ED92DF00A73462 /* MiliushaHwOne.app */;
			productType = "com.apple.product-type.application";
		};
/* End PBXNativeTarget section */

/* Begin PBXProject section */
		43284ACA24ED92DF00A73462 /* Project object */ = {
			isa = PBXProject;
			attributes = {
				LastSwiftUpdateCheck = 1160;
				LastUpgradeCheck = 1160;
				ORGANIZATIONNAME = "Mikhail Miliusha";
				TargetAttributes = {
					43284AD124ED92DF00A73462 = {
						CreatedOnToolsVersion = 11.6;
					};
				};
			};
			buildConfigurationList = 43284ACD24ED92DF00A73462 /* Build configuration list for PBXProject "MiliushaHwOne" */;
			compatibilityVersion = "Xcode 9.3";
			developmentRegion = en;
			hasScannedForEncodings = 0;
			knownRegions = (
				en,
				Base,
			);
			mainGroup = 43284AC924ED92DF00A73462;
			productRefGroup = 43284AD324ED92DF00A73462 /* Products */;
			projectDirPath = "";
			projectRoot = "";
			targets = (
				43284AD124ED92DF00A73462 /* MiliushaHwOne */,
			);
		};
/* End PBXProject section */

/* Begin PBXResourcesBuildPhase section */
		43284AD024ED92DF00A73462 /* Resources */ = {
			isa = PBXResourcesBuildPhase;
			buildActionMask = 2147483647;
			files = (
				43284AE224ED92E000A73462 /* LaunchScreen.storyboard in Resources */,
				43284ADF24ED92E000A73462 /* Assets.xcassets in Resources */,
				43284ADD24ED92DF00A73462 /* Main.storyboard in Resources */,
			);
			runOnlyForDeploymentPostprocessing = 0;
		};
/* End PBXResourcesBuildPhase section */

/* Begin PBXSourcesBuildPhase section */
		43284ACE24ED92DF00A73462 /* Sources */ = {
			isa = PBXSourcesBuildPhase;
			buildActionMask = 2147483647;
			files = (
				43284ADA24ED92DF00A73462 /* ViewController.swift in Sources */,
				43284AD624ED92DF00A73462 /* AppDelegate.swift in Sources */,
				43284AD824ED92DF00A73462 /* SceneDelegate.swift in Sources */,
			);
			runOnlyForDeploymentPostprocessing = 0;
		};
/* End PBXSourcesBuildPhase section */

/* Begin PBXVariantGroup section */
		43284ADB24ED92DF00A73462 /* Main.storyboard */ = {
			isa = PBXVariantGroup;
			children = (
				43284ADC24ED92DF00A73462 /* Base */,
			);
			name = Main.storyboard;
			sourceTree = "<group>";
		};
		43284AE024ED92E000A73462 /* LaunchScreen.storyboard */ = {
			isa = PBXVariantGroup;
			children = (
				43284AE124ED92E000A73462 /* Base */,
			);
			name = LaunchScreen.storyboard;
			sourceTree = "<group>";
		};
/* End PBXVariantGroup section */

/* Begin XCBuildConfiguration section */
		43284AE424ED92E000A73462 /* Debug */ = {
			isa = XCBuildConfiguration;
			buildSettings = {
				ALWAYS_SEARCH_USER_PATHS = NO;
				CLANG_ANALYZER_NONNULL = YES;
				CLANG_ANALYZER_NUMBER_OBJECT_CONVERSION = YES_AGGRESSIVE;
				CLANG_CXX_LANGUAGE_STANDARD = "gnu++14";
				CLANG_CXX_LIBRARY = "libc++";
				CLANG_ENABLE_MODULES = YES;
				CLANG_ENABLE_OBJC_ARC = YES;
				CLANG_ENABLE_OBJC_WEAK = YES;
				CLANG_WARN_BLOCK_CAPTURE_AUTORELEASING = YES;
				CLANG_WARN_BOOL_CONVERSION = YES;
				CLANG_WARN_COMMA = YES;
				CLANG_WARN_CONSTANT_CONVERSION = YES;
				CLANG_WARN_DEPRECATED_OBJC_IMPLEMENTATIONS = YES;
				CLANG_WARN_DIRECT_OBJC_ISA_USAGE = YES_ERROR;
				CLANG_WARN_DOCUMENTATION_COMMENTS = YES;
				CLANG_WARN_EMPTY_BODY = YES;
				CLANG_WARN_ENUM_CONVERSION = YES;
				CLANG_WARN_INFINITE_RECURSION = YES;
				CLANG_WARN_INT_CONVERSION = YES;
				CLANG_WARN_NON_LITERAL_NULL_CONVERSION = YES;
				CLANG_WARN_OBJC_IMPLICIT_RETAIN_SELF = YES;
				CLANG_WARN_OBJC_LITERAL_CONVERSION = YES;
				CLANG_WARN_OBJC_ROOT_CLASS = YES_ERROR;
				CLANG_WARN_RANGE_LOOP_ANALYSIS = YES;
				CLANG_WARN_STRICT_PROTOTYPES = YES;
				CLANG_WARN_SUSPICIOUS_MOVE = YES;
				CLANG_WARN_UNGUARDED_AVAILABILITY = YES_AGGRESSIVE;
				CLANG_WARN_UNREACHABLE_CODE = YES;
				CLANG_WARN__DUPLICATE_METHOD_MATCH = YES;
				COPY_PHASE_STRIP = NO;
				DEBUG_INFORMATION_FORMAT = dwarf;
				ENABLE_STRICT_OBJC_MSGSEND = YES;
				ENABLE_TESTABILITY = YES;
				GCC_C_LANGUAGE_STANDARD = gnu11;
				GCC_DYNAMIC_NO_PIC = NO;
				GCC_NO_COMMON_BLOCKS = YES;
				GCC_OPTIMIZATION_LEVEL = 0;
				GCC_PREPROCESSOR_DEFINITIONS = (
					"DEBUG=1",
					"$(inherited)",
				);
				GCC_WARN_64_TO_32_BIT_CONVERSION = YES;
				GCC_WARN_ABOUT_RETURN_TYPE = YES_ERROR;
				GCC_WARN_UNDECLARED_SELECTOR = YES;
				GCC_WARN_UNINITIALIZED_AUTOS = YES_AGGRESSIVE;
				GCC_WARN_UNUSED_FUNCTION = YES;
				GCC_WARN_UNUSED_VARIABLE = YES;
				IPHONEOS_DEPLOYMENT_TARGET = 13.6;
				MTL_ENABLE_DEBUG_INFO = INCLUDE_SOURCE;
				MTL_FAST_MATH = YES;
				ONLY_ACTIVE_ARCH = YES;
				SDKROOT = iphoneos;
				SWIFT_ACTIVE_COMPILATION_CONDITIONS = DEBUG;
				SWIFT_OPTIMIZATION_LEVEL = "-Onone";
			};
			name = Debug;
		};
		43284AE524ED92E000A73462 /* Release */ = {
			isa = XCBuildConfiguration;
			buildSettings = {
				ALWAYS_SEARCH_USER_PATHS = NO;
				CLANG_ANALYZER_NONNULL = YES;
				CLANG_ANALYZER_NUMBER_OBJECT_CONVERSION = YES_AGGRESSIVE;
				CLANG_CXX_LANGUAGE_STANDARD = "gnu++14";
				CLANG_CXX_LIBRARY = "libc++";
				CLANG_ENABLE_MODULES = YES;
				CLANG_ENABLE_OBJC_ARC = YES;
				CLANG_ENABLE_OBJC_WEAK = YES;
				CLANG_WARN_BLOCK_CAPTURE_AUTORELEASING = YES;
				CLANG_WARN_BOOL_CONVERSION = YES;
				CLANG_WARN_COMMA = YES;
				CLANG_WARN_CONSTANT_CONVERSION = YES;
				CLANG_WARN_DEPRECATED_OBJC_IMPLEMENTATIONS = YES;
				CLANG_WARN_DIRECT_OBJC_ISA_USAGE = YES_ERROR;
				CLANG_WARN_DOCUMENTATION_COMMENTS = YES;
				CLANG_WARN_EMPTY_BODY = YES;
				CLANG_WARN_ENUM_CONVERSION = YES;
				CLANG_WARN_INFINITE_RECURSION = YES;
				CLANG_WARN_INT_CONVERSION = YES;
				CLANG_WARN_NON_LITERAL_NULL_CONVERSION = YES;
				CLANG_WARN_OBJC_IMPLICIT_RETAIN_SELF = YES;
				CLANG_WARN_OBJC_LITERAL_CONVERSION = YES;
				CLANG_WARN_OBJC_ROOT_CLASS = YES_ERROR;
				CLANG_WARN_RANGE_LOOP_ANALYSIS = YES;
				CLANG_WARN_STRICT_PROTOTYPES = YES;
				CLANG_WARN_SUSPICIOUS_MOVE = YES;
				CLANG_WARN_UNGUARDED_AVAILABILITY = YES_AGGRESSIVE;
				CLANG_WARN_UNREACHABLE_CODE = YES;
				CLANG_WARN__DUPLICATE_METHOD_MATCH = YES;
				COPY_PHASE_STRIP = NO;
				DEBUG_INFORMATION_FORMAT = "dwarf-with-dsym";
				ENABLE_NS_ASSERTIONS = NO;
				ENABLE_STRICT_OBJC_MSGSEND = YES;
				GCC_C_LANGUAGE_STANDARD = gnu11;
				GCC_NO_COMMON_BLOCKS = YES;
				GCC_WARN_64_TO_32_BIT_CONVERSION = YES;
				GCC_WARN_ABOUT_RETURN_TYPE = YES_ERROR;
				GCC_WARN_UNDECLARED_SELECTOR = YES;
				GCC_WARN_UNINITIALIZED_AUTOS = YES_AGGRESSIVE;
				GCC_WARN_UNUSED_FUNCTION = YES;
				GCC_WARN_UNUSED_VARIABLE = YES;
				IPHONEOS_DEPLOYMENT_TARGET = 13.6;
				MTL_ENABLE_DEBUG_INFO = NO;
				MTL_FAST_MATH = YES;
				SDKROOT = iphoneos;
				SWIFT_COMPILATION_MODE = wholemodule;
				SWIFT_OPTIMIZATION_LEVEL = "-O";
				VALIDATE_PRODUCT = YES;
			};
			name = Release;
		};
		43284AE724ED92E000A73462 /* Debug */ = {
			isa = XCBuildConfiguration;
			buildSettings = {
				ASSETCATALOG_COMPILER_APPICON_NAME = AppIcon;
				CODE_SIGN_STYLE = Automatic;
				INFOPLIST_FILE = MiliushaHwOne/Info.plist;
				LD_RUNPATH_SEARCH_PATHS = (
					"$(inherited)",
					"@executable_path/Frameworks",
				);
				PRODUCT_BUNDLE_IDENTIFIER = ru.test.MiliushaHwOne;
				PRODUCT_NAME = "$(TARGET_NAME)";
				SWIFT_VERSION = 5.0;
				TARGETED_DEVICE_FAMILY = 1;
			};
			name = Debug;
		};
		43284AE824ED92E000A73462 /* Release */ = {
			isa = XCBuildConfiguration;
			buildSettings = {
				ASSETCATALOG_COMPILER_APPICON_NAME = AppIcon;
				CODE_SIGN_STYLE = Automatic;
				INFOPLIST_FILE = MiliushaHwOne/Info.plist;
				LD_RUNPATH_SEARCH_PATHS = (
					"$(inherited)",
					"@executable_path/Frameworks",
				);
				PRODUCT_BUNDLE_IDENTIFIER = ru.test.MiliushaHwOne;
				PRODUCT_NAME = "$(TARGET_NAME)";
				SWIFT_VERSION = 5.0;
				TARGETED_DEVICE_FAMILY = 1;
			};
			name = Release;
		};
/* End XCBuildConfiguration section */

/* Begin XCConfigurationList section */
		43284ACD24ED92DF00A73462 /* Build configuration list for PBXProject "MiliushaHwOne" */ = {
			isa = XCConfigurationList;
			buildConfigurations = (
				43284AE424ED92E000A73462 /* Debug */,
				43284AE524ED92E000A73462 /* Release */,
			);
			defaultConfigurationIsVisible = 0;
			defaultConfigurationName = Release;
		};
		43284AE624ED92E000A73462 /* Build configuration list for PBXNativeTarget "MiliushaHwOne" */ = {
			isa = XCConfigurationList;
			buildConfigurations = (
				43284AE724ED92E000A73462 /* Debug */,
				43284AE824ED92E000A73462 /* Release */,
			);
			defaultConfigurationIsVisible = 0;
			defaultConfigurationName = Release;
		};
/* End XCConfigurationList section */
	};
	rootObject = 43284ACA24ED92DF00A73462 /* Project object */;
}
